# THIS IS AN AUTOGENERATED FILE. DO NOT EDIT THIS FILE DIRECTLY.
# yarn lockfile v1

strip-json-comments@~1.0.4:
  version "1.0.4"
  resolved "https://registry.yarnpkg.com/strip-json-comments/-/strip-json-comments-1.0.4.tgz#1e15fbcac97d3ee99bf2d73b4c656b082bbafb91"

supports-color@^2.0.0:
  version "2.0.0"
  resolved "https://registry.yarnpkg.com/supports-color/-/supports-color-2.0.0.tgz#535d045ce6b6363fa40117084629995e9df324c7"

supports-color@^3.1.0, supports-color@^3.1.2:
  version "3.1.2"
  resolved "https://registry.yarnpkg.com/supports-color/-/supports-color-3.1.2.tgz#72a262894d9d408b956ca05ff37b2ed8a6e2a2d5"
  dependencies:
    has-flag "^1.0.0"

svgo@^0.7.0:
  version "0.7.1"
  resolved "https://registry.yarnpkg.com/svgo/-/svgo-0.7.1.tgz#287320fed972cb097e72c2bb1685f96fe08f8034"
  dependencies:
    coa "~1.0.1"
    colors "~1.1.2"
    csso "~2.2.1"
    js-yaml "~3.6.1"
    mkdirp "~0.5.1"
    sax "~1.2.1"
    whet.extend "~0.9.9"

tapable@^0.2.3, tapable@~0.2.3:
  version "0.2.4"
  resolved "https://registry.yarnpkg.com/tapable/-/tapable-0.2.4.tgz#a7814605089d4ba896c33c7e3566e13dcd194aa5"

tar-pack@~3.1.0:
  version "3.1.4"
  resolved "https://registry.yarnpkg.com/tar-pack/-/tar-pack-3.1.4.tgz#bc8cf9a22f5832739f12f3910dac1eb97b49708c"
  dependencies:
    debug "~2.2.0"
    fstream "~1.0.10"
    fstream-ignore "~1.0.5"
    once "~1.3.3"
    readable-stream "~2.1.4"
    rimraf "~2.5.1"
    tar "~2.2.1"
    uid-number "~0.0.6"

tar@~2.2.0, tar@~2.2.1:
  version "2.2.1"
  resolved "https://registry.yarnpkg.com/tar/-/tar-2.2.1.tgz#8e4d2a256c0e2185c6b18ad694aec968b83cb1d1"
  dependencies:
    block-stream "*"
    fstream "^1.0.2"
    inherits "2"

tether@^1.3.7, tether@latest:
  version "1.3.7"
  resolved "https://registry.yarnpkg.com/tether/-/tether-1.3.7.tgz#65578104741694f9672c808eae04a9adae7b0304"

timers-browserify@^1.0.1:
  version "1.4.2"
  resolved "https://registry.yarnpkg.com/timers-browserify/-/timers-browserify-1.4.2.tgz#c9c58b575be8407375cb5e2462dacee74359f41d"
  dependencies:
    process "~0.11.0"

to-fast-properties@^1.0.1:
  version "1.0.2"
  resolved "https://registry.yarnpkg.com/to-fast-properties/-/to-fast-properties-1.0.2.tgz#f3f5c0c3ba7299a7ef99427e44633257ade43320"

tough-cookie@~2.3.0:
  version "2.3.1"
  resolved "https://registry.yarnpkg.com/tough-cookie/-/tough-cookie-2.3.1.tgz#99c77dfbb7d804249e8a299d4cb0fd81fef083fd"

tty-browserify@0.0.0:
  version "0.0.0"
  resolved "https://registry.yarnpkg.com/tty-browserify/-/tty-browserify-0.0.0.tgz#a157ba402da24e9bf957f9aa69d524eed42901a6"

tunnel-agent@~0.4.1:
  version "0.4.3"
  resolved "https://registry.yarnpkg.com/tunnel-agent/-/tunnel-agent-0.4.3.tgz#6373db76909fe570e08d73583365ed828a74eeeb"

tweetnacl@^0.14.3, tweetnacl@~0.14.0:
  version "0.14.3"
  resolved "https://registry.yarnpkg.com/tweetnacl/-/tweetnacl-0.14.3.tgz#3da382f670f25ded78d7b3d1792119bca0b7132d"

uglify-js@~2.7.3:
  version "2.7.3"
  resolved "https://registry.yarnpkg.com/uglify-js/-/uglify-js-2.7.3.tgz#39b3a7329b89f5ec507e344c6e22568698ef4868"
  dependencies:
    async "~0.2.6"
    source-map "~0.5.1"
    uglify-to-browserify "~1.0.0"
    yargs "~3.10.0"

uglify-to-browserify@~1.0.0:
  version "1.0.2"
  resolved "https://registry.yarnpkg.com/uglify-to-browserify/-/uglify-to-browserify-1.0.2.tgz#6e0924d6bda6b5afe349e39a6d632850a0f882b7"

uid-number@~0.0.6:
  version "0.0.6"
  resolved "https://registry.yarnpkg.com/uid-number/-/uid-number-0.0.6.tgz#0ea10e8035e8eb5b8e4449f06da1c730663baa81"

uniq@^1.0.1:
  version "1.0.1"
  resolved "https://registry.yarnpkg.com/uniq/-/uniq-1.0.1.tgz#b31c5ae8254844a3a8281541ce2b04b865a734ff"

uniqid@^4.0.0:
  version "4.1.0"
  resolved "https://registry.yarnpkg.com/uniqid/-/uniqid-4.1.0.tgz#33d9679f65022f48988a03fd24e7dcaf8f109eca"
  dependencies:
    macaddress "^0.2.8"

uniqs@^2.0.0:
  version "2.0.0"
  resolved "https://registry.yarnpkg.com/uniqs/-/uniqs-2.0.0.tgz#ffede4b36b25290696e6e165d4a59edb998e6b02"

url@~0.11.0:
  version "0.11.0"
  resolved "https://registry.yarnpkg.com/url/-/url-0.11.0.tgz#3838e97cfc60521eb73c525a8e55bfdd9e2e28f1"
  dependencies:
    punycode "1.3.2"
    querystring "0.2.0"

user-home@^1.1.1:
  version "1.1.1"
  resolved "https://registry.yarnpkg.com/user-home/-/user-home-1.1.1.tgz#2b5be23a32b63a7c9deb8d0f28d485724a3df190"

util-deprecate@~1.0.1:
  version "1.0.2"
  resolved "https://registry.yarnpkg.com/util-deprecate/-/util-deprecate-1.0.2.tgz#450d4dc9fa70de732762fbd2d4a28981419a0ccf"

util@~0.10.3, util@0.10.3:
  version "0.10.3"
  resolved "https://registry.yarnpkg.com/util/-/util-0.10.3.tgz#7afb1afe50805246489e3db7fe0ed379336ac0f9"
  dependencies:
    inherits "2.0.1"

validate-npm-package-license@^3.0.1:
  version "3.0.1"
  resolved "https://registry.yarnpkg.com/validate-npm-package-license/-/validate-npm-package-license-3.0.1.tgz#2804babe712ad3379459acfbe24746ab2c303fbc"
  dependencies:
    spdx-correct "~1.0.0"
    spdx-expression-parse "~1.0.0"

vendors@^1.0.0:
  version "1.0.1"
  resolved "https://registry.yarnpkg.com/vendors/-/vendors-1.0.1.tgz#37ad73c8ee417fb3d580e785312307d274847f22"

verror@1.3.6:
  version "1.3.6"
  resolved "https://registry.yarnpkg.com/verror/-/verror-1.3.6.tgz#cff5df12946d297d2baaefaa2689e25be01c005c"
  dependencies:
    extsprintf "1.0.2"

vm-browserify@0.0.4:
  version "0.0.4"
  resolved "https://registry.yarnpkg.com/vm-browserify/-/vm-browserify-0.0.4.tgz#5d7ea45bbef9e4a6ff65f95438e0a87c357d5a73"
  dependencies:
    indexof "0.0.1"

vue-hot-reload-api@^2.0.1:
  version "2.0.6"
  resolved "https://registry.yarnpkg.com/vue-hot-reload-api/-/vue-hot-reload-api-2.0.6.tgz#817d4bfb30f55428aa1012d029499e07f3147d21"

vue-loader@latest:
  version "9.7.0"
  resolved "https://registry.yarnpkg.com/vue-loader/-/vue-loader-9.7.0.tgz#9a7573c96fe17ca312c18e2ee1aff54e4d6a71f3"
  dependencies:
    consolidate "^0.14.0"
    hash-sum "^1.0.2"
    js-beautify "^1.6.3"
    loader-utils "^0.2.10"
    lru-cache "^4.0.1"
    object-assign "^4.0.0"
    postcss "^5.0.10"
    postcss-selector-parser "^2.0.0"
    source-map "^0.5.6"
    vue-hot-reload-api "^2.0.1"
    vue-style-loader "^1.0.0"
    vue-template-compiler "^2.0.0-rc.3"
    vue-template-es2015-compiler "^1.0.0"

vue-style-loader@^1.0.0:
  version "1.0.0"
  resolved "https://registry.yarnpkg.com/vue-style-loader/-/vue-style-loader-1.0.0.tgz#abeb7bd0f46313083741244d3079d4f14449e049"
  dependencies:
    loader-utils "^0.2.7"

vue-template-compiler@^2.0.0-rc.3:
  version "2.0.3"
  resolved "https://registry.yarnpkg.com/vue-template-compiler/-/vue-template-compiler-2.0.3.tgz#da1462e7c95afb2daa20065e97589d8125226027"
  dependencies:
    de-indent "^1.0.2"
    he "^1.1.0"

vue-template-es2015-compiler@^1.0.0:
  version "1.0.0"
  resolved "https://registry.yarnpkg.com/vue-template-es2015-compiler/-/vue-template-es2015-compiler-1.0.0.tgz#89add11c41224059c839ef0b9484e97a7f98abc5"

vue@latest:
  version "2.0.3"
  resolved "https://registry.yarnpkg.com/vue/-/vue-2.0.3.tgz#3f7698f83d6ad1f0e35955447901672876c63fde"

watchpack@^1.0.0:
  version "1.1.0"
  resolved "https://registry.yarnpkg.com/watchpack/-/watchpack-1.1.0.tgz#42d44627464a2fadffc9308c0f7562cfde795f24"
  dependencies:
    async "2.0.0-rc.4"
    chokidar "^1.4.3"
    graceful-fs "^4.1.2"

webpack-sources@^0.1.0:
  version "0.1.2"
  resolved "https://registry.yarnpkg.com/webpack-sources/-/webpack-sources-0.1.2.tgz#057a3f3255f8ba561b901d9150589aa103a57e65"
  dependencies:
    source-list-map "~0.1.0"
    source-map "~0.5.3"

webpack@^2.1.0-beta.25:
  version "2.1.0-beta.25"
  resolved "https://registry.yarnpkg.com/webpack/-/webpack-2.1.0-beta.25.tgz#c35ff4da4ee70344a2f14c35258d95412709e9ed"
  dependencies:
    acorn "^3.2.0"
    ajv "^4.7.0"
    async "^1.3.0"
    clone "^1.0.2"
    enhanced-resolve "^2.2.0"
    interpret "^1.0.0"
    loader-runner "^2.2.0"
    loader-utils "^0.2.11"
    memory-fs "~0.3.0"
    mkdirp "~0.5.0"
    node-libs-browser "^1.0.0"
    object-assign "^4.0.1"
    source-map "^0.5.3"
    supports-color "^3.1.0"
    tapable "~0.2.3"
    uglify-js "~2.7.3"
    watchpack "^1.0.0"
    webpack-sources "^0.1.0"
    yargs "^4.7.1"

whet.extend@~0.9.9:
  version "0.9.9"
  resolved "https://registry.yarnpkg.com/whet.extend/-/whet.extend-0.9.9.tgz#f877d5bf648c97e5aa542fadc16d6a259b9c11a1"

which-module@^1.0.0:
  version "1.0.0"
  resolved "https://registry.yarnpkg.com/which-module/-/which-module-1.0.0.tgz#bba63ca861948994ff307736089e3b96026c2a4f"

wide-align@^1.1.0:
  version "1.1.0"
  resolved "https://registry.yarnpkg.com/wide-align/-/wide-align-1.1.0.tgz#40edde802a71fea1f070da3e62dcda2e7add96ad"
  dependencies:
    string-width "^1.0.1"

window-size@^0.2.0:
  version "0.2.0"
  resolved "https://registry.yarnpkg.com/window-size/-/window-size-0.2.0.tgz#b4315bb4214a3d7058ebeee892e13fa24d98b075"

window-size@0.1.0:
  version "0.1.0"
  resolved "https://registry.yarnpkg.com/window-size/-/window-size-0.1.0.tgz#5438cd2ea93b202efa3a19fe8887aee7c94f9c9d"

wordwrap@0.0.2:
  version "0.0.2"
  resolved "https://registry.yarnpkg.com/wordwrap/-/wordwrap-0.0.2.tgz#b79669bb42ecb409f83d583cad52ca17eaa1643f"

wrap-ansi@^2.0.0:
  version "2.0.0"
  resolved "https://registry.yarnpkg.com/wrap-ansi/-/wrap-ansi-2.0.0.tgz#7d30f8f873f9a5bbc3a64dabc8d177e071ae426f"
  dependencies:
    string-width "^1.0.1"

wrappy@1:
  version "1.0.2"
  resolved "https://registry.yarnpkg.com/wrappy/-/wrappy-1.0.2.tgz#b5243d8f3ec1aa35f1364605bc0d1036e30ab69f"

xtend@^4.0.0:
  version "4.0.1"
  resolved "https://registry.yarnpkg.com/xtend/-/xtend-4.0.1.tgz#a5c6d532be656e23db820efb943a1f04998d63af"

y18n@^3.2.1:
  version "3.2.1"
  resolved "https://registry.yarnpkg.com/y18n/-/y18n-3.2.1.tgz#6d15fba884c08679c0d77e88e7759e811e07fa41"

yallist@^2.0.0:
  version "2.0.0"
  resolved "https://registry.yarnpkg.com/yallist/-/yallist-2.0.0.tgz#306c543835f09ee1a4cb23b7bce9ab341c91cdd4"

yargs-parser@^2.4.1:
  version "2.4.1"
  resolved "https://registry.yarnpkg.com/yargs-parser/-/yargs-parser-2.4.1.tgz#85568de3cf150ff49fa51825f03a8c880ddcc5c4"
  dependencies:
    camelcase "^3.0.0"
    lodash.assign "^4.0.6"

yargs@^4.7.1:
  version "4.8.1"
  resolved "https://registry.yarnpkg.com/yargs/-/yargs-4.8.1.tgz#c0c42924ca4aaa6b0e6da1739dfb216439f9ddc0"
  dependencies:
    cliui "^3.2.0"
    decamelize "^1.1.1"
    get-caller-file "^1.0.1"
    lodash.assign "^4.0.3"
    os-locale "^1.4.0"
    read-pkg-up "^1.0.1"
    require-directory "^2.1.1"
    require-main-filename "^1.0.1"
    set-blocking "^2.0.0"
    string-width "^1.0.1"
    which-module "^1.0.0"
    window-size "^0.2.0"
    y18n "^3.2.1"
    yargs-parser "^2.4.1"

yargs@~3.10.0:
  version "3.10.0"
  resolved "https://registry.yarnpkg.com/yargs/-/yargs-3.10.0.tgz#f7ee7bd857dd7c1d2d38c0e74efbd681d1431fd1"
  dependencies:
    camelcase "^1.0.2"
    cliui "^2.1.0"
    decamelize "^1.0.0"
    window-size "0.1.0"